dependencies:
- name: istiod
  repository: https://istio-release.storage.googleapis.com/charts
  version: 1.23.0
- name: gateway
  repository: https://istio-release.storage.googleapis.com/charts
  version: 1.23.0
digest: sha256:c9659b3662f150de3d9192be00a640c54c7e265b399af7aace1d5b6a730c765e
generated: "2026-06-17T11:20:55.903875+09:00"
