dependencies:
- name: base
  repository: https://istio-release.storage.googleapis.com/charts
  version: 1.23.0
- name: istiod
  repository: https://istio-release.storage.googleapis.com/charts
  version: 1.23.0
- name: gateway
  repository: https://istio-release.storage.googleapis.com/charts
  version: 1.23.0
digest: sha256:c95230f259ee0c06c3d17155daf55784a44270effd2c1b66b304998b1c35ef5f
generated: "2026-06-17T08:36:56.472344+09:00"
