dependencies:
- name: cloudnative-pg
  repository: https://cloudnative-pg.github.io/charts
  version: 0.28.0
- name: knative-operator
  repository: https://knative.github.io/operator
  version: v1.16.2
- name: kubeblocks
  repository: https://apecloud.github.io/helm-charts
  version: 1.0.2
digest: sha256:5af25740dd85571bd5fcf6bfa8b3235b65e13df9ad6d84e7af5ac47b350f1878
generated: "2026-07-28T19:23:39.993969+09:00"
